
Microsoft Visual Studio Solution File, Format Version 12.00
Project("{FAE04EC0-301F-11D3-BF4B-00C04F79EFBC}") = "Dictionary", "Dictionary\Dictionary.csproj", "{86579E08-3797-472E-A133-7F6997E960E8}"
EndProject
Project("{FAE04EC0-301F-11D3-BF4B-00C04F79EFBC}") = "Test", "Test\Test.csproj", "{C3621FD9-5078-45C2-9508-519D08BD3A5D}"
EndProject
Global
	GlobalSection(SolutionConfigurationPlatforms) = preSolution
		Debug|Any CPU = Debug|Any CPU
		Release|Any CPU = Release|Any CPU
	EndGlobalSection
	GlobalSection(ProjectConfigurationPlatforms) = postSolution
		{86579E08-3797-472E-A133-7F6997E960E8}.Debug|Any CPU.ActiveCfg = Debug|Any CPU
		{86579E08-3797-472E-A133-7F6997E960E8}.Debug|Any CPU.Build.0 = Debug|Any CPU
		{86579E08-3797-472E-A133-7F6997E960E8}.Release|Any CPU.ActiveCfg = Release|Any CPU
		{86579E08-3797-472E-A133-7F6997E960E8}.Release|Any CPU.Build.0 = Release|Any CPU
		{C3621FD9-5078-45C2-9508-519D08BD3A5D}.Debug|Any CPU.ActiveCfg = Debug|Any CPU
		{C3621FD9-5078-45C2-9508-519D08BD3A5D}.Debug|Any CPU.Build.0 = Debug|Any CPU
		{C3621FD9-5078-45C2-9508-519D08BD3A5D}.Release|Any CPU.ActiveCfg = Release|Any CPU
		{C3621FD9-5078-45C2-9508-519D08BD3A5D}.Release|Any CPU.Build.0 = Release|Any CPU
	EndGlobalSection
EndGlobal
